
Microsoft Visual Studio Solution File, Format Version 12.00
# Visual Studio Version 17
VisualStudioVersion = 17.0.31903.59
MinimumVisualStudioVersion = 10.0.40219.1
Project("{2150E333-8FDC-42A3-9474-1A3956D46DE8}") = "Shared", "Shared", "{B6A8DAC1-6B07-438E-83D5-AE3D2865DFBE}"
EndProject
Project("{FAE04EC0-301F-11D3-BF4B-00C04F79EFBC}") = "FinOS.Common", "Shared\FinOS.Common\FinOS.Common.csproj", "{F54EFFA2-091B-4513-9654-D3ED9B50F557}"
EndProject
Project("{FAE04EC0-301F-11D3-BF4B-00C04F79EFBC}") = "FinOS.EventBus", "Shared\FinOS.EventBus\FinOS.EventBus.csproj", "{E2CF3915-8CAF-466A-9171-9D724282D71B}"
EndProject
Project("{FAE04EC0-301F-11D3-BF4B-00C04F79EFBC}") = "FinOS.EventBus.RabbitMQ", "Shared\FinOS.EventBus.RabbitMQ\FinOS.EventBus.RabbitMQ.csproj", "{2AA9F936-ED1C-46BB-82C3-25105FF1836D}"
EndProject
Project("{2150E333-8FDC-42A3-9474-1A3956D46DE8}") = "APIGateways", "APIGateways", "{9F5F9D09-0C92-43FA-81D6-27729A8D75C0}"
EndProject
Project("{FAE04EC0-301F-11D3-BF4B-00C04F79EFBC}") = "FinOS.Gateway", "APIGateways\FinOS.Gateway\FinOS.Gateway.csproj", "{5BB60285-1E8F-457A-B797-37F738F655D7}"
EndProject
Project("{2150E333-8FDC-42A3-9474-1A3956D46DE8}") = "Services", "Services", "{AF4DEA12-E059-48B7-968A-E586114EF6F3}"
EndProject
Project("{2150E333-8FDC-42A3-9474-1A3956D46DE8}") = "Identity", "Identity", "{968D6E18-2AD9-4818-B257-10511049F40E}"
EndProject
Project("{FAE04EC0-301F-11D3-BF4B-00C04F79EFBC}") = "FinOS.Identity.API", "Services\Identity\FinOS.Identity.API\FinOS.Identity.API.csproj", "{578D40A8-63C8-40AE-9EED-29ADEC0390AA}"
EndProject
Project("{FAE04EC0-301F-11D3-BF4B-00C04F79EFBC}") = "FinOS.Identity.Application", "Services\Identity\FinOS.Identity.Application\FinOS.Identity.Application.csproj", "{D4D0C459-FC13-4816-BD26-71B3CB764453}"
EndProject
Project("{FAE04EC0-301F-11D3-BF4B-00C04F79EFBC}") = "FinOS.Identity.Domain", "Services\Identity\FinOS.Identity.Domain\FinOS.Identity.Domain.csproj", "{AD925E8B-5165-41C4-AA1B-340587EDAF37}"
EndProject
Project("{FAE04EC0-301F-11D3-BF4B-00C04F79EFBC}") = "FinOS.Identity.Infrastructure", "Services\Identity\FinOS.Identity.Infrastructure\FinOS.Identity.Infrastructure.csproj", "{8B405C78-1A01-4A84-BED2-7D3F903BC84D}"
EndProject
Project("{2150E333-8FDC-42A3-9474-1A3956D46DE8}") = "CoreFinance", "CoreFinance", "{504880AE-92C8-4078-A9CD-1C5EB30DAF47}"
EndProject
Project("{FAE04EC0-301F-11D3-BF4B-00C04F79EFBC}") = "FinOS.CoreFinance.API", "Services\CoreFinance\FinOS.CoreFinance.API\FinOS.CoreFinance.API.csproj", "{36AD96BF-F600-42A1-AD25-1BAFFB2C548E}"
EndProject
Project("{FAE04EC0-301F-11D3-BF4B-00C04F79EFBC}") = "FinOS.CoreFinance.Application", "Services\CoreFinance\FinOS.CoreFinance.Application\FinOS.CoreFinance.Application.csproj", "{C297CF59-2729-4E07-BFA5-CCC976BCDB7D}"
EndProject
Project("{FAE04EC0-301F-11D3-BF4B-00C04F79EFBC}") = "FinOS.CoreFinance.Domain", "Services\CoreFinance\FinOS.CoreFinance.Domain\FinOS.CoreFinance.Domain.csproj", "{1CA2A871-FFA9-4260-91EB-64796820A392}"
EndProject
Project("{FAE04EC0-301F-11D3-BF4B-00C04F79EFBC}") = "FinOS.CoreFinance.Infrastructure", "Services\CoreFinance\FinOS.CoreFinance.Infrastructure\FinOS.CoreFinance.Infrastructure.csproj", "{3465DF79-DE12-42EE-97BC-D606D679706B}"
EndProject
Project("{2150E333-8FDC-42A3-9474-1A3956D46DE8}") = "Budget", "Budget", "{3D8CB0F9-03F9-4C43-984D-7AC5F9E95464}"
EndProject
Project("{FAE04EC0-301F-11D3-BF4B-00C04F79EFBC}") = "FinOS.Budget.API", "Services\Budget\FinOS.Budget.API\FinOS.Budget.API.csproj", "{FAF66022-48C6-445A-BDF3-A6F3C107B5E4}"
EndProject
Project("{FAE04EC0-301F-11D3-BF4B-00C04F79EFBC}") = "FinOS.Budget.Application", "Services\Budget\FinOS.Budget.Application\FinOS.Budget.Application.csproj", "{FC68BA81-E85E-411B-81B8-F79377D6C4AB}"
EndProject
Project("{FAE04EC0-301F-11D3-BF4B-00C04F79EFBC}") = "FinOS.Budget.Domain", "Services\Budget\FinOS.Budget.Domain\FinOS.Budget.Domain.csproj", "{ADD1B871-55B3-411B-8BC4-6EAF9B698258}"
EndProject
Project("{FAE04EC0-301F-11D3-BF4B-00C04F79EFBC}") = "FinOS.Budget.Infrastructure", "Services\Budget\FinOS.Budget.Infrastructure\FinOS.Budget.Infrastructure.csproj", "{CD7EA4AF-410E-415B-992C-1453641680F6}"
EndProject
Project("{2150E333-8FDC-42A3-9474-1A3956D46DE8}") = "Investment", "Investment", "{9380D29E-980D-48C6-BB7A-7B07D2B6E2FD}"
EndProject
Project("{FAE04EC0-301F-11D3-BF4B-00C04F79EFBC}") = "FinOS.Investment.API", "Services\Investment\FinOS.Investment.API\FinOS.Investment.API.csproj", "{B7F98D00-54DE-45E7-BF84-BE61A3CB2824}"
EndProject
Project("{FAE04EC0-301F-11D3-BF4B-00C04F79EFBC}") = "FinOS.Investment.Application", "Services\Investment\FinOS.Investment.Application\FinOS.Investment.Application.csproj", "{06986997-4F68-464D-A5DC-024D8C364427}"
EndProject
Project("{FAE04EC0-301F-11D3-BF4B-00C04F79EFBC}") = "FinOS.Investment.Domain", "Services\Investment\FinOS.Investment.Domain\FinOS.Investment.Domain.csproj", "{BDD7ECDE-F881-427C-915D-EE3935BA99C4}"
EndProject
Project("{FAE04EC0-301F-11D3-BF4B-00C04F79EFBC}") = "FinOS.Investment.Infrastructure", "Services\Investment\FinOS.Investment.Infrastructure\FinOS.Investment.Infrastructure.csproj", "{255A4EB6-F2A5-4B28-BD12-C5F16CE4B448}"
EndProject
Project("{2150E333-8FDC-42A3-9474-1A3956D46DE8}") = "Loan", "Loan", "{0059CD2B-C6D3-4AC3-AD98-7639D780E8E5}"
EndProject
Project("{FAE04EC0-301F-11D3-BF4B-00C04F79EFBC}") = "FinOS.Loan.API", "Services\Loan\FinOS.Loan.API\FinOS.Loan.API.csproj", "{F850E3E2-FC4C-447C-A76A-F2ABD17A6423}"
EndProject
Project("{FAE04EC0-301F-11D3-BF4B-00C04F79EFBC}") = "FinOS.Loan.Application", "Services\Loan\FinOS.Loan.Application\FinOS.Loan.Application.csproj", "{543DCA57-6536-4C2A-943D-F1E6C2989B84}"
EndProject
Project("{FAE04EC0-301F-11D3-BF4B-00C04F79EFBC}") = "FinOS.Loan.Domain", "Services\Loan\FinOS.Loan.Domain\FinOS.Loan.Domain.csproj", "{D65EA6DE-54E8-4508-A322-01342AAD717B}"
EndProject
Project("{FAE04EC0-301F-11D3-BF4B-00C04F79EFBC}") = "FinOS.Loan.Infrastructure", "Services\Loan\FinOS.Loan.Infrastructure\FinOS.Loan.Infrastructure.csproj", "{B364D6E6-FE4F-4509-A92F-5DBA6AB0B668}"
EndProject
Project("{2150E333-8FDC-42A3-9474-1A3956D46DE8}") = "Goals", "Goals", "{694EA8AA-0955-40B4-9B1A-D68B57924D85}"
EndProject
Project("{FAE04EC0-301F-11D3-BF4B-00C04F79EFBC}") = "FinOS.Goals.API", "Services\Goals\FinOS.Goals.API\FinOS.Goals.API.csproj", "{B583832D-F568-419C-A860-DF11D8EC7EE3}"
EndProject
Project("{FAE04EC0-301F-11D3-BF4B-00C04F79EFBC}") = "FinOS.Goals.Application", "Services\Goals\FinOS.Goals.Application\FinOS.Goals.Application.csproj", "{A7A4975F-C57C-49A0-B1C1-F56C41DFCB68}"
EndProject
Project("{FAE04EC0-301F-11D3-BF4B-00C04F79EFBC}") = "FinOS.Goals.Domain", "Services\Goals\FinOS.Goals.Domain\FinOS.Goals.Domain.csproj", "{89645207-0220-4E27-A0C8-32DD2358F309}"
EndProject
Project("{FAE04EC0-301F-11D3-BF4B-00C04F79EFBC}") = "FinOS.Goals.Infrastructure", "Services\Goals\FinOS.Goals.Infrastructure\FinOS.Goals.Infrastructure.csproj", "{11CA4C99-2A05-4924-AC50-E5F707AC29EA}"
EndProject
Project("{2150E333-8FDC-42A3-9474-1A3956D46DE8}") = "Analytics", "Analytics", "{016BA36E-4975-403F-8371-304DE4363118}"
EndProject
Project("{FAE04EC0-301F-11D3-BF4B-00C04F79EFBC}") = "FinOS.Analytics.API", "Services\Analytics\FinOS.Analytics.API\FinOS.Analytics.API.csproj", "{7AC499E5-B00B-4509-B94A-473D325D1B99}"
EndProject
Project("{FAE04EC0-301F-11D3-BF4B-00C04F79EFBC}") = "FinOS.Analytics.Application", "Services\Analytics\FinOS.Analytics.Application\FinOS.Analytics.Application.csproj", "{8C959BE4-5738-4F65-A8F8-F1EBEABE61BB}"
EndProject
Project("{FAE04EC0-301F-11D3-BF4B-00C04F79EFBC}") = "FinOS.Analytics.Domain", "Services\Analytics\FinOS.Analytics.Domain\FinOS.Analytics.Domain.csproj", "{2A63AD1F-3A84-416D-9FE4-C42FA6C0CE8B}"
EndProject
Project("{FAE04EC0-301F-11D3-BF4B-00C04F79EFBC}") = "FinOS.Analytics.Infrastructure", "Services\Analytics\FinOS.Analytics.Infrastructure\FinOS.Analytics.Infrastructure.csproj", "{CD8C79E3-C96C-4DC2-B3F3-D3810CE3A6E3}"
EndProject
Project("{2150E333-8FDC-42A3-9474-1A3956D46DE8}") = "AIAssistant", "AIAssistant", "{6E3BE173-0543-47E0-9C1C-B8B56B5F0ADF}"
EndProject
Project("{FAE04EC0-301F-11D3-BF4B-00C04F79EFBC}") = "FinOS.AIAssistant.API", "Services\AIAssistant\FinOS.AIAssistant.API\FinOS.AIAssistant.API.csproj", "{C02F439E-7F52-4801-A4AD-885D8F3EF0AF}"
EndProject
Project("{FAE04EC0-301F-11D3-BF4B-00C04F79EFBC}") = "FinOS.AIAssistant.Application", "Services\AIAssistant\FinOS.AIAssistant.Application\FinOS.AIAssistant.Application.csproj", "{00988469-FD1A-464B-ABF7-FFED804363A8}"
EndProject
Project("{FAE04EC0-301F-11D3-BF4B-00C04F79EFBC}") = "FinOS.AIAssistant.Domain", "Services\AIAssistant\FinOS.AIAssistant.Domain\FinOS.AIAssistant.Domain.csproj", "{72320C68-0BCF-4482-97DD-4FD4EF4CCB1F}"
EndProject
Project("{FAE04EC0-301F-11D3-BF4B-00C04F79EFBC}") = "FinOS.AIAssistant.Infrastructure", "Services\AIAssistant\FinOS.AIAssistant.Infrastructure\FinOS.AIAssistant.Infrastructure.csproj", "{635F3756-0084-474B-88B4-2C84F9E7BE00}"
EndProject
Project("{2150E333-8FDC-42A3-9474-1A3956D46DE8}") = "Notification", "Notification", "{C8EACFDF-B153-4FAF-8586-1A97ABD3F50F}"
EndProject
Project("{FAE04EC0-301F-11D3-BF4B-00C04F79EFBC}") = "FinOS.Notification.API", "Services\Notification\FinOS.Notification.API\FinOS.Notification.API.csproj", "{CCEC11AC-AB3E-4F07-87A3-5B2235034227}"
EndProject
Project("{FAE04EC0-301F-11D3-BF4B-00C04F79EFBC}") = "FinOS.Notification.Application", "Services\Notification\FinOS.Notification.Application\FinOS.Notification.Application.csproj", "{41EB41C5-5888-4A32-8CE0-A450CB7E71C3}"
EndProject
Project("{FAE04EC0-301F-11D3-BF4B-00C04F79EFBC}") = "FinOS.Notification.Domain", "Services\Notification\FinOS.Notification.Domain\FinOS.Notification.Domain.csproj", "{AD6CC692-4CA4-4900-AF00-BF407EF9CCB5}"
EndProject
Project("{FAE04EC0-301F-11D3-BF4B-00C04F79EFBC}") = "FinOS.Notification.Infrastructure", "Services\Notification\FinOS.Notification.Infrastructure\FinOS.Notification.Infrastructure.csproj", "{D7B55734-0EC1-4568-ABBA-4E57D8C6B9ED}"
EndProject
Project("{2150E333-8FDC-42A3-9474-1A3956D46DE8}") = "Tests", "Tests", "{0AB3BF05-4346-4AA6-1389-037BE0695223}"
EndProject
Project("{FAE04EC0-301F-11D3-BF4B-00C04F79EFBC}") = "FinOS.Common.Tests", "Tests\FinOS.Common.Tests\FinOS.Common.Tests.csproj", "{1796A98B-E979-4FB3-BF31-B53D0BCB56EE}"
EndProject
Global
	GlobalSection(SolutionConfigurationPlatforms) = preSolution
		Debug|Any CPU = Debug|Any CPU
		Debug|x64 = Debug|x64
		Debug|x86 = Debug|x86
		Release|Any CPU = Release|Any CPU
		Release|x64 = Release|x64
		Release|x86 = Release|x86
	EndGlobalSection
	GlobalSection(ProjectConfigurationPlatforms) = postSolution
		{F54EFFA2-091B-4513-9654-D3ED9B50F557}.Debug|Any CPU.ActiveCfg = Debug|Any CPU
		{F54EFFA2-091B-4513-9654-D3ED9B50F557}.Debug|Any CPU.Build.0 = Debug|Any CPU
		{F54EFFA2-091B-4513-9654-D3ED9B50F557}.Debug|x64.ActiveCfg = Debug|Any CPU
		{F54EFFA2-091B-4513-9654-D3ED9B50F557}.Debug|x64.Build.0 = Debug|Any CPU
		{F54EFFA2-091B-4513-9654-D3ED9B50F557}.Debug|x86.ActiveCfg = Debug|Any CPU
		{F54EFFA2-091B-4513-9654-D3ED9B50F557}.Debug|x86.Build.0 = Debug|Any CPU
		{F54EFFA2-091B-4513-9654-D3ED9B50F557}.Release|Any CPU.ActiveCfg = Release|Any CPU
		{F54EFFA2-091B-4513-9654-D3ED9B50F557}.Release|Any CPU.Build.0 = Release|Any CPU
		{F54EFFA2-091B-4513-9654-D3ED9B50F557}.Release|x64.ActiveCfg = Release|Any CPU
		{F54EFFA2-091B-4513-9654-D3ED9B50F557}.Release|x64.Build.0 = Release|Any CPU
		{F54EFFA2-091B-4513-9654-D3ED9B50F557}.Release|x86.ActiveCfg = Release|Any CPU
		{F54EFFA2-091B-4513-9654-D3ED9B50F557}.Release|x86.Build.0 = Release|Any CPU
		{E2CF3915-8CAF-466A-9171-9D724282D71B}.Debug|Any CPU.ActiveCfg = Debug|Any CPU
		{E2CF3915-8CAF-466A-9171-9D724282D71B}.Debug|Any CPU.Build.0 = Debug|Any CPU
		{E2CF3915-8CAF-466A-9171-9D724282D71B}.Debug|x64.ActiveCfg = Debug|Any CPU
		{E2CF3915-8CAF-466A-9171-9D724282D71B}.Debug|x64.Build.0 = Debug|Any CPU
		{E2CF3915-8CAF-466A-9171-9D724282D71B}.Debug|x86.ActiveCfg = Debug|Any CPU
		{E2CF3915-8CAF-466A-9171-9D724282D71B}.Debug|x86.Build.0 = Debug|Any CPU
		{E2CF3915-8CAF-466A-9171-9D724282D71B}.Release|Any CPU.ActiveCfg = Release|Any CPU
		{E2CF3915-8CAF-466A-9171-9D724282D71B}.Release|Any CPU.Build.0 = Release|Any CPU
		{E2CF3915-8CAF-466A-9171-9D724282D71B}.Release|x64.ActiveCfg = Release|Any CPU
		{E2CF3915-8CAF-466A-9171-9D724282D71B}.Release|x64.Build.0 = Release|Any CPU
		{E2CF3915-8CAF-466A-9171-9D724282D71B}.Release|x86.ActiveCfg = Release|Any CPU
		{E2CF3915-8CAF-466A-9171-9D724282D71B}.Release|x86.Build.0 = Release|Any CPU
		{2AA9F936-ED1C-46BB-82C3-25105FF1836D}.Debug|Any CPU.ActiveCfg = Debug|Any CPU
		{2AA9F936-ED1C-46BB-82C3-25105FF1836D}.Debug|Any CPU.Build.0 = Debug|Any CPU
		{2AA9F936-ED1C-46BB-82C3-25105FF1836D}.Debug|x64.ActiveCfg = Debug|Any CPU
		{2AA9F936-ED1C-46BB-82C3-25105FF1836D}.Debug|x64.Build.0 = Debug|Any CPU
		{2AA9F936-ED1C-46BB-82C3-25105FF1836D}.Debug|x86.ActiveCfg = Debug|Any CPU
		{2AA9F936-ED1C-46BB-82C3-25105FF1836D}.Debug|x86.Build.0 = Debug|Any CPU
		{2AA9F936-ED1C-46BB-82C3-25105FF1836D}.Release|Any CPU.ActiveCfg = Release|Any CPU
		{2AA9F936-ED1C-46BB-82C3-25105FF1836D}.Release|Any CPU.Build.0 = Release|Any CPU
		{2AA9F936-ED1C-46BB-82C3-25105FF1836D}.Release|x64.ActiveCfg = Release|Any CPU
		{2AA9F936-ED1C-46BB-82C3-25105FF1836D}.Release|x64.Build.0 = Release|Any CPU
		{2AA9F936-ED1C-46BB-82C3-25105FF1836D}.Release|x86.ActiveCfg = Release|Any CPU
		{2AA9F936-ED1C-46BB-82C3-25105FF1836D}.Release|x86.Build.0 = Release|Any CPU
		{5BB60285-1E8F-457A-B797-37F738F655D7}.Debug|Any CPU.ActiveCfg = Debug|Any CPU
		{5BB60285-1E8F-457A-B797-37F738F655D7}.Debug|Any CPU.Build.0 = Debug|Any CPU
		{5BB60285-1E8F-457A-B797-37F738F655D7}.Debug|x64.ActiveCfg = Debug|Any CPU
		{5BB60285-1E8F-457A-B797-37F738F655D7}.Debug|x64.Build.0 = Debug|Any CPU
		{5BB60285-1E8F-457A-B797-37F738F655D7}.Debug|x86.ActiveCfg = Debug|Any CPU
		{5BB60285-1E8F-457A-B797-37F738F655D7}.Debug|x86.Build.0 = Debug|Any CPU
		{5BB60285-1E8F-457A-B797-37F738F655D7}.Release|Any CPU.ActiveCfg = Release|Any CPU
		{5BB60285-1E8F-457A-B797-37F738F655D7}.Release|Any CPU.Build.0 = Release|Any CPU
		{5BB60285-1E8F-457A-B797-37F738F655D7}.Release|x64.ActiveCfg = Release|Any CPU
		{5BB60285-1E8F-457A-B797-37F738F655D7}.Release|x64.Build.0 = Release|Any CPU
		{5BB60285-1E8F-457A-B797-37F738F655D7}.Release|x86.ActiveCfg = Release|Any CPU
		{5BB60285-1E8F-457A-B797-37F738F655D7}.Release|x86.Build.0 = Release|Any CPU
		{578D40A8-63C8-40AE-9EED-29ADEC0390AA}.Debug|Any CPU.ActiveCfg = Debug|Any CPU
		{578D40A8-63C8-40AE-9EED-29ADEC0390AA}.Debug|Any CPU.Build.0 = Debug|Any CPU
		{578D40A8-63C8-40AE-9EED-29ADEC0390AA}.Debug|x64.ActiveCfg = Debug|Any CPU
		{578D40A8-63C8-40AE-9EED-29ADEC0390AA}.Debug|x64.Build.0 = Debug|Any CPU
		{578D40A8-63C8-40AE-9EED-29ADEC0390AA}.Debug|x86.ActiveCfg = Debug|Any CPU
		{578D40A8-63C8-40AE-9EED-29ADEC0390AA}.Debug|x86.Build.0 = Debug|Any CPU
		{578D40A8-63C8-40AE-9EED-29ADEC0390AA}.Release|Any CPU.ActiveCfg = Release|Any CPU
		{578D40A8-63C8-40AE-9EED-29ADEC0390AA}.Release|Any CPU.Build.0 = Release|Any CPU
		{578D40A8-63C8-40AE-9EED-29ADEC0390AA}.Release|x64.ActiveCfg = Release|Any CPU
		{578D40A8-63C8-40AE-9EED-29ADEC0390AA}.Release|x64.Build.0 = Release|Any CPU
		{578D40A8-63C8-40AE-9EED-29ADEC0390AA}.Release|x86.ActiveCfg = Release|Any CPU
		{578D40A8-63C8-40AE-9EED-29ADEC0390AA}.Release|x86.Build.0 = Release|Any CPU
		{D4D0C459-FC13-4816-BD26-71B3CB764453}.Debug|Any CPU.ActiveCfg = Debug|Any CPU
		{D4D0C459-FC13-4816-BD26-71B3CB764453}.Debug|Any CPU.Build.0 = Debug|Any CPU
		{D4D0C459-FC13-4816-BD26-71B3CB764453}.Debug|x64.ActiveCfg = Debug|Any CPU
		{D4D0C459-FC13-4816-BD26-71B3CB764453}.Debug|x64.Build.0 = Debug|Any CPU
		{D4D0C459-FC13-4816-BD26-71B3CB764453}.Debug|x86.ActiveCfg = Debug|Any CPU
		{D4D0C459-FC13-4816-BD26-71B3CB764453}.Debug|x86.Build.0 = Debug|Any CPU
		{D4D0C459-FC13-4816-BD26-71B3CB764453}.Release|Any CPU.ActiveCfg = Release|Any CPU
		{D4D0C459-FC13-4816-BD26-71B3CB764453}.Release|Any CPU.Build.0 = Release|Any CPU
		{D4D0C459-FC13-4816-BD26-71B3CB764453}.Release|x64.ActiveCfg = Release|Any CPU
		{D4D0C459-FC13-4816-BD26-71B3CB764453}.Release|x64.Build.0 = Release|Any CPU
		{D4D0C459-FC13-4816-BD26-71B3CB764453}.Release|x86.ActiveCfg = Release|Any CPU
		{D4D0C459-FC13-4816-BD26-71B3CB764453}.Release|x86.Build.0 = Release|Any CPU
		{AD925E8B-5165-41C4-AA1B-340587EDAF37}.Debug|Any CPU.ActiveCfg = Debug|Any CPU
		{AD925E8B-5165-41C4-AA1B-340587EDAF37}.Debug|Any CPU.Build.0 = Debug|Any CPU
		{AD925E8B-5165-41C4-AA1B-340587EDAF37}.Debug|x64.ActiveCfg = Debug|Any CPU
		{AD925E8B-5165-41C4-AA1B-340587EDAF37}.Debug|x64.Build.0 = Debug|Any CPU
		{AD925E8B-5165-41C4-AA1B-340587EDAF37}.Debug|x86.ActiveCfg = Debug|Any CPU
		{AD925E8B-5165-41C4-AA1B-340587EDAF37}.Debug|x86.Build.0 = Debug|Any CPU
		{AD925E8B-5165-41C4-AA1B-340587EDAF37}.Release|Any CPU.ActiveCfg = Release|Any CPU
		{AD925E8B-5165-41C4-AA1B-340587EDAF37}.Release|Any CPU.Build.0 = Release|Any CPU
		{AD925E8B-5165-41C4-AA1B-340587EDAF37}.Release|x64.ActiveCfg = Release|Any CPU
		{AD925E8B-5165-41C4-AA1B-340587EDAF37}.Release|x64.Build.0 = Release|Any CPU
		{AD925E8B-5165-41C4-AA1B-340587EDAF37}.Release|x86.ActiveCfg = Release|Any CPU
		{AD925E8B-5165-41C4-AA1B-340587EDAF37}.Release|x86.Build.0 = Release|Any CPU
		{8B405C78-1A01-4A84-BED2-7D3F903BC84D}.Debug|Any CPU.ActiveCfg = Debug|Any CPU
		{8B405C78-1A01-4A84-BED2-7D3F903BC84D}.Debug|Any CPU.Build.0 = Debug|Any CPU
		{8B405C78-1A01-4A84-BED2-7D3F903BC84D}.Debug|x64.ActiveCfg = Debug|Any CPU
		{8B405C78-1A01-4A84-BED2-7D3F903BC84D}.Debug|x64.Build.0 = Debug|Any CPU
		{8B405C78-1A01-4A84-BED2-7D3F903BC84D}.Debug|x86.ActiveCfg = Debug|Any CPU
		{8B405C78-1A01-4A84-BED2-7D3F903BC84D}.Debug|x86.Build.0 = Debug|Any CPU
		{8B405C78-1A01-4A84-BED2-7D3F903BC84D}.Release|Any CPU.ActiveCfg = Release|Any CPU
		{8B405C78-1A01-4A84-BED2-7D3F903BC84D}.Release|Any CPU.Build.0 = Release|Any CPU
		{8B405C78-1A01-4A84-BED2-7D3F903BC84D}.Release|x64.ActiveCfg = Release|Any CPU
		{8B405C78-1A01-4A84-BED2-7D3F903BC84D}.Release|x64.Build.0 = Release|Any CPU
		{8B405C78-1A01-4A84-BED2-7D3F903BC84D}.Release|x86.ActiveCfg = Release|Any CPU
		{8B405C78-1A01-4A84-BED2-7D3F903BC84D}.Release|x86.Build.0 = Release|Any CPU
		{36AD96BF-F600-42A1-AD25-1BAFFB2C548E}.Debug|Any CPU.ActiveCfg = Debug|Any CPU
		{36AD96BF-F600-42A1-AD25-1BAFFB2C548E}.Debug|Any CPU.Build.0 = Debug|Any CPU
		{36AD96BF-F600-42A1-AD25-1BAFFB2C548E}.Debug|x64.ActiveCfg = Debug|Any CPU
		{36AD96BF-F600-42A1-AD25-1BAFFB2C548E}.Debug|x64.Build.0 = Debug|Any CPU
		{36AD96BF-F600-42A1-AD25-1BAFFB2C548E}.Debug|x86.ActiveCfg = Debug|Any CPU
		{36AD96BF-F600-42A1-AD25-1BAFFB2C548E}.Debug|x86.Build.0 = Debug|Any CPU
		{36AD96BF-F600-42A1-AD25-1BAFFB2C548E}.Release|Any CPU.ActiveCfg = Release|Any CPU
		{36AD96BF-F600-42A1-AD25-1BAFFB2C548E}.Release|Any CPU.Build.0 = Release|Any CPU
		{36AD96BF-F600-42A1-AD25-1BAFFB2C548E}.Release|x64.ActiveCfg = Release|Any CPU
		{36AD96BF-F600-42A1-AD25-1BAFFB2C548E}.Release|x64.Build.0 = Release|Any CPU
		{36AD96BF-F600-42A1-AD25-1BAFFB2C548E}.Release|x86.ActiveCfg = Release|Any CPU
		{36AD96BF-F600-42A1-AD25-1BAFFB2C548E}.Release|x86.Build.0 = Release|Any CPU
		{C297CF59-2729-4E07-BFA5-CCC976BCDB7D}.Debug|Any CPU.ActiveCfg = Debug|Any CPU
		{C297CF59-2729-4E07-BFA5-CCC976BCDB7D}.Debug|Any CPU.Build.0 = Debug|Any CPU
		{C297CF59-2729-4E07-BFA5-CCC976BCDB7D}.Debug|x64.ActiveCfg = Debug|Any CPU
		{C297CF59-2729-4E07-BFA5-CCC976BCDB7D}.Debug|x64.Build.0 = Debug|Any CPU
		{C297CF59-2729-4E07-BFA5-CCC976BCDB7D}.Debug|x86.ActiveCfg = Debug|Any CPU
		{C297CF59-2729-4E07-BFA5-CCC976BCDB7D}.Debug|x86.Build.0 = Debug|Any CPU
		{C297CF59-2729-4E07-BFA5-CCC976BCDB7D}.Release|Any CPU.ActiveCfg = Release|Any CPU
		{C297CF59-2729-4E07-BFA5-CCC976BCDB7D}.Release|Any CPU.Build.0 = Release|Any CPU
		{C297CF59-2729-4E07-BFA5-CCC976BCDB7D}.Release|x64.ActiveCfg = Release|Any CPU
		{C297CF59-2729-4E07-BFA5-CCC976BCDB7D}.Release|x64.Build.0 = Release|Any CPU
		{C297CF59-2729-4E07-BFA5-CCC976BCDB7D}.Release|x86.ActiveCfg = Release|Any CPU
		{C297CF59-2729-4E07-BFA5-CCC976BCDB7D}.Release|x86.Build.0 = Release|Any CPU
		{1CA2A871-FFA9-4260-91EB-64796820A392}.Debug|Any CPU.ActiveCfg = Debug|Any CPU
		{1CA2A871-FFA9-4260-91EB-64796820A392}.Debug|Any CPU.Build.0 = Debug|Any CPU
		{1CA2A871-FFA9-4260-91EB-64796820A392}.Debug|x64.ActiveCfg = Debug|Any CPU
		{1CA2A871-FFA9-4260-91EB-64796820A392}.Debug|x64.Build.0 = Debug|Any CPU
		{1CA2A871-FFA9-4260-91EB-64796820A392}.Debug|x86.ActiveCfg = Debug|Any CPU
		{1CA2A871-FFA9-4260-91EB-64796820A392}.Debug|x86.Build.0 = Debug|Any CPU
		{1CA2A871-FFA9-4260-91EB-64796820A392}.Release|Any CPU.ActiveCfg = Release|Any CPU
		{1CA2A871-FFA9-4260-91EB-64796820A392}.Release|Any CPU.Build.0 = Release|Any CPU
		{1CA2A871-FFA9-4260-91EB-64796820A392}.Release|x64.ActiveCfg = Release|Any CPU
		{1CA2A871-FFA9-4260-91EB-64796820A392}.Release|x64.Build.0 = Release|Any CPU
		{1CA2A871-FFA9-4260-91EB-64796820A392}.Release|x86.ActiveCfg = Release|Any CPU
		{1CA2A871-FFA9-4260-91EB-64796820A392}.Release|x86.Build.0 = Release|Any CPU
		{3465DF79-DE12-42EE-97BC-D606D679706B}.Debug|Any CPU.ActiveCfg = Debug|Any CPU
		{3465DF79-DE12-42EE-97BC-D606D679706B}.Debug|Any CPU.Build.0 = Debug|Any CPU
		{3465DF79-DE12-42EE-97BC-D606D679706B}.Debug|x64.ActiveCfg = Debug|Any CPU
		{3465DF79-DE12-42EE-97BC-D606D679706B}.Debug|x64.Build.0 = Debug|Any CPU
		{3465DF79-DE12-42EE-97BC-D606D679706B}.Debug|x86.ActiveCfg = Debug|Any CPU
		{3465DF79-DE12-42EE-97BC-D606D679706B}.Debug|x86.Build.0 = Debug|Any CPU
		{3465DF79-DE12-42EE-97BC-D606D679706B}.Release|Any CPU.ActiveCfg = Release|Any CPU
		{3465DF79-DE12-42EE-97BC-D606D679706B}.Release|Any CPU.Build.0 = Release|Any CPU
		{3465DF79-DE12-42EE-97BC-D606D679706B}.Release|x64.ActiveCfg = Release|Any CPU
		{3465DF79-DE12-42EE-97BC-D606D679706B}.Release|x64.Build.0 = Release|Any CPU
		{3465DF79-DE12-42EE-97BC-D606D679706B}.Release|x86.ActiveCfg = Release|Any CPU
		{3465DF79-DE12-42EE-97BC-D606D679706B}.Release|x86.Build.0 = Release|Any CPU
		{FAF66022-48C6-445A-BDF3-A6F3C107B5E4}.Debug|Any CPU.ActiveCfg = Debug|Any CPU
		{FAF66022-48C6-445A-BDF3-A6F3C107B5E4}.Debug|Any CPU.Build.0 = Debug|Any CPU
		{FAF66022-48C6-445A-BDF3-A6F3C107B5E4}.Debug|x64.ActiveCfg = Debug|Any CPU
		{FAF66022-48C6-445A-BDF3-A6F3C107B5E4}.Debug|x64.Build.0 = Debug|Any CPU
		{FAF66022-48C6-445A-BDF3-A6F3C107B5E4}.Debug|x86.ActiveCfg = Debug|Any CPU
		{FAF66022-48C6-445A-BDF3-A6F3C107B5E4}.Debug|x86.Build.0 = Debug|Any CPU
		{FAF66022-48C6-445A-BDF3-A6F3C107B5E4}.Release|Any CPU.ActiveCfg = Release|Any CPU
		{FAF66022-48C6-445A-BDF3-A6F3C107B5E4}.Release|Any CPU.Build.0 = Release|Any CPU
		{FAF66022-48C6-445A-BDF3-A6F3C107B5E4}.Release|x64.ActiveCfg = Release|Any CPU
		{FAF66022-48C6-445A-BDF3-A6F3C107B5E4}.Release|x64.Build.0 = Release|Any CPU
		{FAF66022-48C6-445A-BDF3-A6F3C107B5E4}.Release|x86.ActiveCfg = Release|Any CPU
		{FAF66022-48C6-445A-BDF3-A6F3C107B5E4}.Release|x86.Build.0 = Release|Any CPU
		{FC68BA81-E85E-411B-81B8-F79377D6C4AB}.Debug|Any CPU.ActiveCfg = Debug|Any CPU
		{FC68BA81-E85E-411B-81B8-F79377D6C4AB}.Debug|Any CPU.Build.0 = Debug|Any CPU
		{FC68BA81-E85E-411B-81B8-F79377D6C4AB}.Debug|x64.ActiveCfg = Debug|Any CPU
		{FC68BA81-E85E-411B-81B8-F79377D6C4AB}.Debug|x64.Build.0 = Debug|Any CPU
		{FC68BA81-E85E-411B-81B8-F79377D6C4AB}.Debug|x86.ActiveCfg = Debug|Any CPU
		{FC68BA81-E85E-411B-81B8-F79377D6C4AB}.Debug|x86.Build.0 = Debug|Any CPU
		{FC68BA81-E85E-411B-81B8-F79377D6C4AB}.Release|Any CPU.ActiveCfg = Release|Any CPU
		{FC68BA81-E85E-411B-81B8-F79377D6C4AB}.Release|Any CPU.Build.0 = Release|Any CPU
		{FC68BA81-E85E-411B-81B8-F79377D6C4AB}.Release|x64.ActiveCfg = Release|Any CPU
		{FC68BA81-E85E-411B-81B8-F79377D6C4AB}.Release|x64.Build.0 = Release|Any CPU
		{FC68BA81-E85E-411B-81B8-F79377D6C4AB}.Release|x86.ActiveCfg = Release|Any CPU
		{FC68BA81-E85E-411B-81B8-F79377D6C4AB}.Release|x86.Build.0 = Release|Any CPU
		{ADD1B871-55B3-411B-8BC4-6EAF9B698258}.Debug|Any CPU.ActiveCfg = Debug|Any CPU
		{ADD1B871-55B3-411B-8BC4-6EAF9B698258}.Debug|Any CPU.Build.0 = Debug|Any CPU
		{ADD1B871-55B3-411B-8BC4-6EAF9B698258}.Debug|x64.ActiveCfg = Debug|Any CPU
		{ADD1B871-55B3-411B-8BC4-6EAF9B698258}.Debug|x64.Build.0 = Debug|Any CPU
		{ADD1B871-55B3-411B-8BC4-6EAF9B698258}.Debug|x86.ActiveCfg = Debug|Any CPU
		{ADD1B871-55B3-411B-8BC4-6EAF9B698258}.Debug|x86.Build.0 = Debug|Any CPU
		{ADD1B871-55B3-411B-8BC4-6EAF9B698258}.Release|Any CPU.ActiveCfg = Release|Any CPU
		{ADD1B871-55B3-411B-8BC4-6EAF9B698258}.Release|Any CPU.Build.0 = Release|Any CPU
		{ADD1B871-55B3-411B-8BC4-6EAF9B698258}.Release|x64.ActiveCfg = Release|Any CPU
		{ADD1B871-55B3-411B-8BC4-6EAF9B698258}.Release|x64.Build.0 = Release|Any CPU
		{ADD1B871-55B3-411B-8BC4-6EAF9B698258}.Release|x86.ActiveCfg = Release|Any CPU
		{ADD1B871-55B3-411B-8BC4-6EAF9B698258}.Release|x86.Build.0 = Release|Any CPU
		{CD7EA4AF-410E-415B-992C-1453641680F6}.Debug|Any CPU.ActiveCfg = Debug|Any CPU
		{CD7EA4AF-410E-415B-992C-1453641680F6}.Debug|Any CPU.Build.0 = Debug|Any CPU
		{CD7EA4AF-410E-415B-992C-1453641680F6}.Debug|x64.ActiveCfg = Debug|Any CPU
		{CD7EA4AF-410E-415B-992C-1453641680F6}.Debug|x64.Build.0 = Debug|Any CPU
		{CD7EA4AF-410E-415B-992C-1453641680F6}.Debug|x86.ActiveCfg = Debug|Any CPU
		{CD7EA4AF-410E-415B-992C-1453641680F6}.Debug|x86.Build.0 = Debug|Any CPU
		{CD7EA4AF-410E-415B-992C-1453641680F6}.Release|Any CPU.ActiveCfg = Release|Any CPU
		{CD7EA4AF-410E-415B-992C-1453641680F6}.Release|Any CPU.Build.0 = Release|Any CPU
		{CD7EA4AF-410E-415B-992C-1453641680F6}.Release|x64.ActiveCfg = Release|Any CPU
		{CD7EA4AF-410E-415B-992C-1453641680F6}.Release|x64.Build.0 = Release|Any CPU
		{CD7EA4AF-410E-415B-992C-1453641680F6}.Release|x86.ActiveCfg = Release|Any CPU
		{CD7EA4AF-410E-415B-992C-1453641680F6}.Release|x86.Build.0 = Release|Any CPU
		{B7F98D00-54DE-45E7-BF84-BE61A3CB2824}.Debug|Any CPU.ActiveCfg = Debug|Any CPU
		{B7F98D00-54DE-45E7-BF84-BE61A3CB2824}.Debug|Any CPU.Build.0 = Debug|Any CPU
		{B7F98D00-54DE-45E7-BF84-BE61A3CB2824}.Debug|x64.ActiveCfg = Debug|Any CPU
		{B7F98D00-54DE-45E7-BF84-BE61A3CB2824}.Debug|x64.Build.0 = Debug|Any CPU
		{B7F98D00-54DE-45E7-BF84-BE61A3CB2824}.Debug|x86.ActiveCfg = Debug|Any CPU
		{B7F98D00-54DE-45E7-BF84-BE61A3CB2824}.Debug|x86.Build.0 = Debug|Any CPU
		{B7F98D00-54DE-45E7-BF84-BE61A3CB2824}.Release|Any CPU.ActiveCfg = Release|Any CPU
		{B7F98D00-54DE-45E7-BF84-BE61A3CB2824}.Release|Any CPU.Build.0 = Release|Any CPU
		{B7F98D00-54DE-45E7-BF84-BE61A3CB2824}.Release|x64.ActiveCfg = Release|Any CPU
		{B7F98D00-54DE-45E7-BF84-BE61A3CB2824}.Release|x64.Build.0 = Release|Any CPU
		{B7F98D00-54DE-45E7-BF84-BE61A3CB2824}.Release|x86.ActiveCfg = Release|Any CPU
		{B7F98D00-54DE-45E7-BF84-BE61A3CB2824}.Release|x86.Build.0 = Release|Any CPU
		{06986997-4F68-464D-A5DC-024D8C364427}.Debug|Any CPU.ActiveCfg = Debug|Any CPU
		{06986997-4F68-464D-A5DC-024D8C364427}.Debug|Any CPU.Build.0 = Debug|Any CPU
		{06986997-4F68-464D-A5DC-024D8C364427}.Debug|x64.ActiveCfg = Debug|Any CPU
		{06986997-4F68-464D-A5DC-024D8C364427}.Debug|x64.Build.0 = Debug|Any CPU
		{06986997-4F68-464D-A5DC-024D8C364427}.Debug|x86.ActiveCfg = Debug|Any CPU
		{06986997-4F68-464D-A5DC-024D8C364427}.Debug|x86.Build.0 = Debug|Any CPU
		{06986997-4F68-464D-A5DC-024D8C364427}.Release|Any CPU.ActiveCfg = Release|Any CPU
		{06986997-4F68-464D-A5DC-024D8C364427}.Release|Any CPU.Build.0 = Release|Any CPU
		{06986997-4F68-464D-A5DC-024D8C364427}.Release|x64.ActiveCfg = Release|Any CPU
		{06986997-4F68-464D-A5DC-024D8C364427}.Release|x64.Build.0 = Release|Any CPU
		{06986997-4F68-464D-A5DC-024D8C364427}.Release|x86.ActiveCfg = Release|Any CPU
		{06986997-4F68-464D-A5DC-024D8C364427}.Release|x86.Build.0 = Release|Any CPU
		{BDD7ECDE-F881-427C-915D-EE3935BA99C4}.Debug|Any CPU.ActiveCfg = Debug|Any CPU
		{BDD7ECDE-F881-427C-915D-EE3935BA99C4}.Debug|Any CPU.Build.0 = Debug|Any CPU
		{BDD7ECDE-F881-427C-915D-EE3935BA99C4}.Debug|x64.ActiveCfg = Debug|Any CPU
		{BDD7ECDE-F881-427C-915D-EE3935BA99C4}.Debug|x64.Build.0 = Debug|Any CPU
		{BDD7ECDE-F881-427C-915D-EE3935BA99C4}.Debug|x86.ActiveCfg = Debug|Any CPU
		{BDD7ECDE-F881-427C-915D-EE3935BA99C4}.Debug|x86.Build.0 = Debug|Any CPU
		{BDD7ECDE-F881-427C-915D-EE3935BA99C4}.Release|Any CPU.ActiveCfg = Release|Any CPU
		{BDD7ECDE-F881-427C-915D-EE3935BA99C4}.Release|Any CPU.Build.0 = Release|Any CPU
		{BDD7ECDE-F881-427C-915D-EE3935BA99C4}.Release|x64.ActiveCfg = Release|Any CPU
		{BDD7ECDE-F881-427C-915D-EE3935BA99C4}.Release|x64.Build.0 = Release|Any CPU
		{BDD7ECDE-F881-427C-915D-EE3935BA99C4}.Release|x86.ActiveCfg = Release|Any CPU
		{BDD7ECDE-F881-427C-915D-EE3935BA99C4}.Release|x86.Build.0 = Release|Any CPU
		{255A4EB6-F2A5-4B28-BD12-C5F16CE4B448}.Debug|Any CPU.ActiveCfg = Debug|Any CPU
		{255A4EB6-F2A5-4B28-BD12-C5F16CE4B448}.Debug|Any CPU.Build.0 = Debug|Any CPU
		{255A4EB6-F2A5-4B28-BD12-C5F16CE4B448}.Debug|x64.ActiveCfg = Debug|Any CPU
		{255A4EB6-F2A5-4B28-BD12-C5F16CE4B448}.Debug|x64.Build.0 = Debug|Any CPU
		{255A4EB6-F2A5-4B28-BD12-C5F16CE4B448}.Debug|x86.ActiveCfg = Debug|Any CPU
		{255A4EB6-F2A5-4B28-BD12-C5F16CE4B448}.Debug|x86.Build.0 = Debug|Any CPU
		{255A4EB6-F2A5-4B28-BD12-C5F16CE4B448}.Release|Any CPU.ActiveCfg = Release|Any CPU
		{255A4EB6-F2A5-4B28-BD12-C5F16CE4B448}.Release|Any CPU.Build.0 = Release|Any CPU
		{255A4EB6-F2A5-4B28-BD12-C5F16CE4B448}.Release|x64.ActiveCfg = Release|Any CPU
		{255A4EB6-F2A5-4B28-BD12-C5F16CE4B448}.Release|x64.Build.0 = Release|Any CPU
		{255A4EB6-F2A5-4B28-BD12-C5F16CE4B448}.Release|x86.ActiveCfg = Release|Any CPU
		{255A4EB6-F2A5-4B28-BD12-C5F16CE4B448}.Release|x86.Build.0 = Release|Any CPU
		{F850E3E2-FC4C-447C-A76A-F2ABD17A6423}.Debug|Any CPU.ActiveCfg = Debug|Any CPU
		{F850E3E2-FC4C-447C-A76A-F2ABD17A6423}.Debug|Any CPU.Build.0 = Debug|Any CPU
		{F850E3E2-FC4C-447C-A76A-F2ABD17A6423}.Debug|x64.ActiveCfg = Debug|Any CPU
		{F850E3E2-FC4C-447C-A76A-F2ABD17A6423}.Debug|x64.Build.0 = Debug|Any CPU
		{F850E3E2-FC4C-447C-A76A-F2ABD17A6423}.Debug|x86.ActiveCfg = Debug|Any CPU
		{F850E3E2-FC4C-447C-A76A-F2ABD17A6423}.Debug|x86.Build.0 = Debug|Any CPU
		{F850E3E2-FC4C-447C-A76A-F2ABD17A6423}.Release|Any CPU.ActiveCfg = Release|Any CPU
		{F850E3E2-FC4C-447C-A76A-F2ABD17A6423}.Release|Any CPU.Build.0 = Release|Any CPU
		{F850E3E2-FC4C-447C-A76A-F2ABD17A6423}.Release|x64.ActiveCfg = Release|Any CPU
		{F850E3E2-FC4C-447C-A76A-F2ABD17A6423}.Release|x64.Build.0 = Release|Any CPU
		{F850E3E2-FC4C-447C-A76A-F2ABD17A6423}.Release|x86.ActiveCfg = Release|Any CPU
		{F850E3E2-FC4C-447C-A76A-F2ABD17A6423}.Release|x86.Build.0 = Release|Any CPU
		{543DCA57-6536-4C2A-943D-F1E6C2989B84}.Debug|Any CPU.ActiveCfg = Debug|Any CPU
		{543DCA57-6536-4C2A-943D-F1E6C2989B84}.Debug|Any CPU.Build.0 = Debug|Any CPU
		{543DCA57-6536-4C2A-943D-F1E6C2989B84}.Debug|x64.ActiveCfg = Debug|Any CPU
		{543DCA57-6536-4C2A-943D-F1E6C2989B84}.Debug|x64.Build.0 = Debug|Any CPU
		{543DCA57-6536-4C2A-943D-F1E6C2989B84}.Debug|x86.ActiveCfg = Debug|Any CPU
		{543DCA57-6536-4C2A-943D-F1E6C2989B84}.Debug|x86.Build.0 = Debug|Any CPU
		{543DCA57-6536-4C2A-943D-F1E6C2989B84}.Release|Any CPU.ActiveCfg = Release|Any CPU
		{543DCA57-6536-4C2A-943D-F1E6C2989B84}.Release|Any CPU.Build.0 = Release|Any CPU
		{543DCA57-6536-4C2A-943D-F1E6C2989B84}.Release|x64.ActiveCfg = Release|Any CPU
		{543DCA57-6536-4C2A-943D-F1E6C2989B84}.Release|x64.Build.0 = Release|Any CPU
		{543DCA57-6536-4C2A-943D-F1E6C2989B84}.Release|x86.ActiveCfg = Release|Any CPU
		{543DCA57-6536-4C2A-943D-F1E6C2989B84}.Release|x86.Build.0 = Release|Any CPU
		{D65EA6DE-54E8-4508-A322-01342AAD717B}.Debug|Any CPU.ActiveCfg = Debug|Any CPU
		{D65EA6DE-54E8-4508-A322-01342AAD717B}.Debug|Any CPU.Build.0 = Debug|Any CPU
		{D65EA6DE-54E8-4508-A322-01342AAD717B}.Debug|x64.ActiveCfg = Debug|Any CPU
		{D65EA6DE-54E8-4508-A322-01342AAD717B}.Debug|x64.Build.0 = Debug|Any CPU
		{D65EA6DE-54E8-4508-A322-01342AAD717B}.Debug|x86.ActiveCfg = Debug|Any CPU
		{D65EA6DE-54E8-4508-A322-01342AAD717B}.Debug|x86.Build.0 = Debug|Any CPU
		{D65EA6DE-54E8-4508-A322-01342AAD717B}.Release|Any CPU.ActiveCfg = Release|Any CPU
		{D65EA6DE-54E8-4508-A322-01342AAD717B}.Release|Any CPU.Build.0 = Release|Any CPU
		{D65EA6DE-54E8-4508-A322-01342AAD717B}.Release|x64.ActiveCfg = Release|Any CPU
		{D65EA6DE-54E8-4508-A322-01342AAD717B}.Release|x64.Build.0 = Release|Any CPU
		{D65EA6DE-54E8-4508-A322-01342AAD717B}.Release|x86.ActiveCfg = Release|Any CPU
		{D65EA6DE-54E8-4508-A322-01342AAD717B}.Release|x86.Build.0 = Release|Any CPU
		{B364D6E6-FE4F-4509-A92F-5DBA6AB0B668}.Debug|Any CPU.ActiveCfg = Debug|Any CPU
		{B364D6E6-FE4F-4509-A92F-5DBA6AB0B668}.Debug|Any CPU.Build.0 = Debug|Any CPU
		{B364D6E6-FE4F-4509-A92F-5DBA6AB0B668}.Debug|x64.ActiveCfg = Debug|Any CPU
		{B364D6E6-FE4F-4509-A92F-5DBA6AB0B668}.Debug|x64.Build.0 = Debug|Any CPU
		{B364D6E6-FE4F-4509-A92F-5DBA6AB0B668}.Debug|x86.ActiveCfg = Debug|Any CPU
		{B364D6E6-FE4F-4509-A92F-5DBA6AB0B668}.Debug|x86.Build.0 = Debug|Any CPU
		{B364D6E6-FE4F-4509-A92F-5DBA6AB0B668}.Release|Any CPU.ActiveCfg = Release|Any CPU
		{B364D6E6-FE4F-4509-A92F-5DBA6AB0B668}.Release|Any CPU.Build.0 = Release|Any CPU
		{B364D6E6-FE4F-4509-A92F-5DBA6AB0B668}.Release|x64.ActiveCfg = Release|Any CPU
		{B364D6E6-FE4F-4509-A92F-5DBA6AB0B668}.Release|x64.Build.0 = Release|Any CPU
		{B364D6E6-FE4F-4509-A92F-5DBA6AB0B668}.Release|x86.ActiveCfg = Release|Any CPU
		{B364D6E6-FE4F-4509-A92F-5DBA6AB0B668}.Release|x86.Build.0 = Release|Any CPU
		{B583832D-F568-419C-A860-DF11D8EC7EE3}.Debug|Any CPU.ActiveCfg = Debug|Any CPU
		{B583832D-F568-419C-A860-DF11D8EC7EE3}.Debug|Any CPU.Build.0 = Debug|Any CPU
		{B583832D-F568-419C-A860-DF11D8EC7EE3}.Debug|x64.ActiveCfg = Debug|Any CPU
		{B583832D-F568-419C-A860-DF11D8EC7EE3}.Debug|x64.Build.0 = Debug|Any CPU
		{B583832D-F568-419C-A860-DF11D8EC7EE3}.Debug|x86.ActiveCfg = Debug|Any CPU
		{B583832D-F568-419C-A860-DF11D8EC7EE3}.Debug|x86.Build.0 = Debug|Any CPU
		{B583832D-F568-419C-A860-DF11D8EC7EE3}.Release|Any CPU.ActiveCfg = Release|Any CPU
		{B583832D-F568-419C-A860-DF11D8EC7EE3}.Release|Any CPU.Build.0 = Release|Any CPU
		{B583832D-F568-419C-A860-DF11D8EC7EE3}.Release|x64.ActiveCfg = Release|Any CPU
		{B583832D-F568-419C-A860-DF11D8EC7EE3}.Release|x64.Build.0 = Release|Any CPU
		{B583832D-F568-419C-A860-DF11D8EC7EE3}.Release|x86.ActiveCfg = Release|Any CPU
		{B583832D-F568-419C-A860-DF11D8EC7EE3}.Release|x86.Build.0 = Release|Any CPU
		{A7A4975F-C57C-49A0-B1C1-F56C41DFCB68}.Debug|Any CPU.ActiveCfg = Debug|Any CPU
		{A7A4975F-C57C-49A0-B1C1-F56C41DFCB68}.Debug|Any CPU.Build.0 = Debug|Any CPU
		{A7A4975F-C57C-49A0-B1C1-F56C41DFCB68}.Debug|x64.ActiveCfg = Debug|Any CPU
		{A7A4975F-C57C-49A0-B1C1-F56C41DFCB68}.Debug|x64.Build.0 = Debug|Any CPU
		{A7A4975F-C57C-49A0-B1C1-F56C41DFCB68}.Debug|x86.ActiveCfg = Debug|Any CPU
		{A7A4975F-C57C-49A0-B1C1-F56C41DFCB68}.Debug|x86.Build.0 = Debug|Any CPU
		{A7A4975F-C57C-49A0-B1C1-F56C41DFCB68}.Release|Any CPU.ActiveCfg = Release|Any CPU
		{A7A4975F-C57C-49A0-B1C1-F56C41DFCB68}.Release|Any CPU.Build.0 = Release|Any CPU
		{A7A4975F-C57C-49A0-B1C1-F56C41DFCB68}.Release|x64.ActiveCfg = Release|Any CPU
		{A7A4975F-C57C-49A0-B1C1-F56C41DFCB68}.Release|x64.Build.0 = Release|Any CPU
		{A7A4975F-C57C-49A0-B1C1-F56C41DFCB68}.Release|x86.ActiveCfg = Release|Any CPU
		{A7A4975F-C57C-49A0-B1C1-F56C41DFCB68}.Release|x86.Build.0 = Release|Any CPU
		{89645207-0220-4E27-A0C8-32DD2358F309}.Debug|Any CPU.ActiveCfg = Debug|Any CPU
		{89645207-0220-4E27-A0C8-32DD2358F309}.Debug|Any CPU.Build.0 = Debug|Any CPU
		{89645207-0220-4E27-A0C8-32DD2358F309}.Debug|x64.ActiveCfg = Debug|Any CPU
		{89645207-0220-4E27-A0C8-32DD2358F309}.Debug|x64.Build.0 = Debug|Any CPU
		{89645207-0220-4E27-A0C8-32DD2358F309}.Debug|x86.ActiveCfg = Debug|Any CPU
		{89645207-0220-4E27-A0C8-32DD2358F309}.Debug|x86.Build.0 = Debug|Any CPU
		{89645207-0220-4E27-A0C8-32DD2358F309}.Release|Any CPU.ActiveCfg = Release|Any CPU
		{89645207-0220-4E27-A0C8-32DD2358F309}.Release|Any CPU.Build.0 = Release|Any CPU
		{89645207-0220-4E27-A0C8-32DD2358F309}.Release|x64.ActiveCfg = Release|Any CPU
		{89645207-0220-4E27-A0C8-32DD2358F309}.Release|x64.Build.0 = Release|Any CPU
		{89645207-0220-4E27-A0C8-32DD2358F309}.Release|x86.ActiveCfg = Release|Any CPU
		{89645207-0220-4E27-A0C8-32DD2358F309}.Release|x86.Build.0 = Release|Any CPU
		{11CA4C99-2A05-4924-AC50-E5F707AC29EA}.Debug|Any CPU.ActiveCfg = Debug|Any CPU
		{11CA4C99-2A05-4924-AC50-E5F707AC29EA}.Debug|Any CPU.Build.0 = Debug|Any CPU
		{11CA4C99-2A05-4924-AC50-E5F707AC29EA}.Debug|x64.ActiveCfg = Debug|Any CPU
		{11CA4C99-2A05-4924-AC50-E5F707AC29EA}.Debug|x64.Build.0 = Debug|Any CPU
		{11CA4C99-2A05-4924-AC50-E5F707AC29EA}.Debug|x86.ActiveCfg = Debug|Any CPU
		{11CA4C99-2A05-4924-AC50-E5F707AC29EA}.Debug|x86.Build.0 = Debug|Any CPU
		{11CA4C99-2A05-4924-AC50-E5F707AC29EA}.Release|Any CPU.ActiveCfg = Release|Any CPU
		{11CA4C99-2A05-4924-AC50-E5F707AC29EA}.Release|Any CPU.Build.0 = Release|Any CPU
		{11CA4C99-2A05-4924-AC50-E5F707AC29EA}.Release|x64.ActiveCfg = Release|Any CPU
		{11CA4C99-2A05-4924-AC50-E5F707AC29EA}.Release|x64.Build.0 = Release|Any CPU
		{11CA4C99-2A05-4924-AC50-E5F707AC29EA}.Release|x86.ActiveCfg = Release|Any CPU
		{11CA4C99-2A05-4924-AC50-E5F707AC29EA}.Release|x86.Build.0 = Release|Any CPU
		{7AC499E5-B00B-4509-B94A-473D325D1B99}.Debug|Any CPU.ActiveCfg = Debug|Any CPU
		{7AC499E5-B00B-4509-B94A-473D325D1B99}.Debug|Any CPU.Build.0 = Debug|Any CPU
		{7AC499E5-B00B-4509-B94A-473D325D1B99}.Debug|x64.ActiveCfg = Debug|Any CPU
		{7AC499E5-B00B-4509-B94A-473D325D1B99}.Debug|x64.Build.0 = Debug|Any CPU
		{7AC499E5-B00B-4509-B94A-473D325D1B99}.Debug|x86.ActiveCfg = Debug|Any CPU
		{7AC499E5-B00B-4509-B94A-473D325D1B99}.Debug|x86.Build.0 = Debug|Any CPU
		{7AC499E5-B00B-4509-B94A-473D325D1B99}.Release|Any CPU.ActiveCfg = Release|Any CPU
		{7AC499E5-B00B-4509-B94A-473D325D1B99}.Release|Any CPU.Build.0 = Release|Any CPU
		{7AC499E5-B00B-4509-B94A-473D325D1B99}.Release|x64.ActiveCfg = Release|Any CPU
		{7AC499E5-B00B-4509-B94A-473D325D1B99}.Release|x64.Build.0 = Release|Any CPU
		{7AC499E5-B00B-4509-B94A-473D325D1B99}.Release|x86.ActiveCfg = Release|Any CPU
		{7AC499E5-B00B-4509-B94A-473D325D1B99}.Release|x86.Build.0 = Release|Any CPU
		{8C959BE4-5738-4F65-A8F8-F1EBEABE61BB}.Debug|Any CPU.ActiveCfg = Debug|Any CPU
		{8C959BE4-5738-4F65-A8F8-F1EBEABE61BB}.Debug|Any CPU.Build.0 = Debug|Any CPU
		{8C959BE4-5738-4F65-A8F8-F1EBEABE61BB}.Debug|x64.ActiveCfg = Debug|Any CPU
		{8C959BE4-5738-4F65-A8F8-F1EBEABE61BB}.Debug|x64.Build.0 = Debug|Any CPU
		{8C959BE4-5738-4F65-A8F8-F1EBEABE61BB}.Debug|x86.ActiveCfg = Debug|Any CPU
		{8C959BE4-5738-4F65-A8F8-F1EBEABE61BB}.Debug|x86.Build.0 = Debug|Any CPU
		{8C959BE4-5738-4F65-A8F8-F1EBEABE61BB}.Release|Any CPU.ActiveCfg = Release|Any CPU
		{8C959BE4-5738-4F65-A8F8-F1EBEABE61BB}.Release|Any CPU.Build.0 = Release|Any CPU
		{8C959BE4-5738-4F65-A8F8-F1EBEABE61BB}.Release|x64.ActiveCfg = Release|Any CPU
		{8C959BE4-5738-4F65-A8F8-F1EBEABE61BB}.Release|x64.Build.0 = Release|Any CPU
		{8C959BE4-5738-4F65-A8F8-F1EBEABE61BB}.Release|x86.ActiveCfg = Release|Any CPU
		{8C959BE4-5738-4F65-A8F8-F1EBEABE61BB}.Release|x86.Build.0 = Release|Any CPU
		{2A63AD1F-3A84-416D-9FE4-C42FA6C0CE8B}.Debug|Any CPU.ActiveCfg = Debug|Any CPU
		{2A63AD1F-3A84-416D-9FE4-C42FA6C0CE8B}.Debug|Any CPU.Build.0 = Debug|Any CPU
		{2A63AD1F-3A84-416D-9FE4-C42FA6C0CE8B}.Debug|x64.ActiveCfg = Debug|Any CPU
		{2A63AD1F-3A84-416D-9FE4-C42FA6C0CE8B}.Debug|x64.Build.0 = Debug|Any CPU
		{2A63AD1F-3A84-416D-9FE4-C42FA6C0CE8B}.Debug|x86.ActiveCfg = Debug|Any CPU
		{2A63AD1F-3A84-416D-9FE4-C42FA6C0CE8B}.Debug|x86.Build.0 = Debug|Any CPU
		{2A63AD1F-3A84-416D-9FE4-C42FA6C0CE8B}.Release|Any CPU.ActiveCfg = Release|Any CPU
		{2A63AD1F-3A84-416D-9FE4-C42FA6C0CE8B}.Release|Any CPU.Build.0 = Release|Any CPU
		{2A63AD1F-3A84-416D-9FE4-C42FA6C0CE8B}.Release|x64.ActiveCfg = Release|Any CPU
		{2A63AD1F-3A84-416D-9FE4-C42FA6C0CE8B}.Release|x64.Build.0 = Release|Any CPU
		{2A63AD1F-3A84-416D-9FE4-C42FA6C0CE8B}.Release|x86.ActiveCfg = Release|Any CPU
		{2A63AD1F-3A84-416D-9FE4-C42FA6C0CE8B}.Release|x86.Build.0 = Release|Any CPU
		{CD8C79E3-C96C-4DC2-B3F3-D3810CE3A6E3}.Debug|Any CPU.ActiveCfg = Debug|Any CPU
		{CD8C79E3-C96C-4DC2-B3F3-D3810CE3A6E3}.Debug|Any CPU.Build.0 = Debug|Any CPU
		{CD8C79E3-C96C-4DC2-B3F3-D3810CE3A6E3}.Debug|x64.ActiveCfg = Debug|Any CPU
		{CD8C79E3-C96C-4DC2-B3F3-D3810CE3A6E3}.Debug|x64.Build.0 = Debug|Any CPU
		{CD8C79E3-C96C-4DC2-B3F3-D3810CE3A6E3}.Debug|x86.ActiveCfg = Debug|Any CPU
		{CD8C79E3-C96C-4DC2-B3F3-D3810CE3A6E3}.Debug|x86.Build.0 = Debug|Any CPU
		{CD8C79E3-C96C-4DC2-B3F3-D3810CE3A6E3}.Release|Any CPU.ActiveCfg = Release|Any CPU
		{CD8C79E3-C96C-4DC2-B3F3-D3810CE3A6E3}.Release|Any CPU.Build.0 = Release|Any CPU
		{CD8C79E3-C96C-4DC2-B3F3-D3810CE3A6E3}.Release|x64.ActiveCfg = Release|Any CPU
		{CD8C79E3-C96C-4DC2-B3F3-D3810CE3A6E3}.Release|x64.Build.0 = Release|Any CPU
		{CD8C79E3-C96C-4DC2-B3F3-D3810CE3A6E3}.Release|x86.ActiveCfg = Release|Any CPU
		{CD8C79E3-C96C-4DC2-B3F3-D3810CE3A6E3}.Release|x86.Build.0 = Release|Any CPU
		{C02F439E-7F52-4801-A4AD-885D8F3EF0AF}.Debug|Any CPU.ActiveCfg = Debug|Any CPU
		{C02F439E-7F52-4801-A4AD-885D8F3EF0AF}.Debug|Any CPU.Build.0 = Debug|Any CPU
		{C02F439E-7F52-4801-A4AD-885D8F3EF0AF}.Debug|x64.ActiveCfg = Debug|Any CPU
		{C02F439E-7F52-4801-A4AD-885D8F3EF0AF}.Debug|x64.Build.0 = Debug|Any CPU
		{C02F439E-7F52-4801-A4AD-885D8F3EF0AF}.Debug|x86.ActiveCfg = Debug|Any CPU
		{C02F439E-7F52-4801-A4AD-885D8F3EF0AF}.Debug|x86.Build.0 = Debug|Any CPU
		{C02F439E-7F52-4801-A4AD-885D8F3EF0AF}.Release|Any CPU.ActiveCfg = Release|Any CPU
		{C02F439E-7F52-4801-A4AD-885D8F3EF0AF}.Release|Any CPU.Build.0 = Release|Any CPU
		{C02F439E-7F52-4801-A4AD-885D8F3EF0AF}.Release|x64.ActiveCfg = Release|Any CPU
		{C02F439E-7F52-4801-A4AD-885D8F3EF0AF}.Release|x64.Build.0 = Release|Any CPU
		{C02F439E-7F52-4801-A4AD-885D8F3EF0AF}.Release|x86.ActiveCfg = Release|Any CPU
		{C02F439E-7F52-4801-A4AD-885D8F3EF0AF}.Release|x86.Build.0 = Release|Any CPU
		{00988469-FD1A-464B-ABF7-FFED804363A8}.Debug|Any CPU.ActiveCfg = Debug|Any CPU
		{00988469-FD1A-464B-ABF7-FFED804363A8}.Debug|Any CPU.Build.0 = Debug|Any CPU
		{00988469-FD1A-464B-ABF7-FFED804363A8}.Debug|x64.ActiveCfg = Debug|Any CPU
		{00988469-FD1A-464B-ABF7-FFED804363A8}.Debug|x64.Build.0 = Debug|Any CPU
		{00988469-FD1A-464B-ABF7-FFED804363A8}.Debug|x86.ActiveCfg = Debug|Any CPU
		{00988469-FD1A-464B-ABF7-FFED804363A8}.Debug|x86.Build.0 = Debug|Any CPU
		{00988469-FD1A-464B-ABF7-FFED804363A8}.Release|Any CPU.ActiveCfg = Release|Any CPU
		{00988469-FD1A-464B-ABF7-FFED804363A8}.Release|Any CPU.Build.0 = Release|Any CPU
		{00988469-FD1A-464B-ABF7-FFED804363A8}.Release|x64.ActiveCfg = Release|Any CPU
		{00988469-FD1A-464B-ABF7-FFED804363A8}.Release|x64.Build.0 = Release|Any CPU
		{00988469-FD1A-464B-ABF7-FFED804363A8}.Release|x86.ActiveCfg = Release|Any CPU
		{00988469-FD1A-464B-ABF7-FFED804363A8}.Release|x86.Build.0 = Release|Any CPU
		{72320C68-0BCF-4482-97DD-4FD4EF4CCB1F}.Debug|Any CPU.ActiveCfg = Debug|Any CPU
		{72320C68-0BCF-4482-97DD-4FD4EF4CCB1F}.Debug|Any CPU.Build.0 = Debug|Any CPU
		{72320C68-0BCF-4482-97DD-4FD4EF4CCB1F}.Debug|x64.ActiveCfg = Debug|Any CPU
		{72320C68-0BCF-4482-97DD-4FD4EF4CCB1F}.Debug|x64.Build.0 = Debug|Any CPU
		{72320C68-0BCF-4482-97DD-4FD4EF4CCB1F}.Debug|x86.ActiveCfg = Debug|Any CPU
		{72320C68-0BCF-4482-97DD-4FD4EF4CCB1F}.Debug|x86.Build.0 = Debug|Any CPU
		{72320C68-0BCF-4482-97DD-4FD4EF4CCB1F}.Release|Any CPU.ActiveCfg = Release|Any CPU
		{72320C68-0BCF-4482-97DD-4FD4EF4CCB1F}.Release|Any CPU.Build.0 = Release|Any CPU
		{72320C68-0BCF-4482-97DD-4FD4EF4CCB1F}.Release|x64.ActiveCfg = Release|Any CPU
		{72320C68-0BCF-4482-97DD-4FD4EF4CCB1F}.Release|x64.Build.0 = Release|Any CPU
		{72320C68-0BCF-4482-97DD-4FD4EF4CCB1F}.Release|x86.ActiveCfg = Release|Any CPU
		{72320C68-0BCF-4482-97DD-4FD4EF4CCB1F}.Release|x86.Build.0 = Release|Any CPU
		{635F3756-0084-474B-88B4-2C84F9E7BE00}.Debug|Any CPU.ActiveCfg = Debug|Any CPU
		{635F3756-0084-474B-88B4-2C84F9E7BE00}.Debug|Any CPU.Build.0 = Debug|Any CPU
		{635F3756-0084-474B-88B4-2C84F9E7BE00}.Debug|x64.ActiveCfg = Debug|Any CPU
		{635F3756-0084-474B-88B4-2C84F9E7BE00}.Debug|x64.Build.0 = Debug|Any CPU
		{635F3756-0084-474B-88B4-2C84F9E7BE00}.Debug|x86.ActiveCfg = Debug|Any CPU
		{635F3756-0084-474B-88B4-2C84F9E7BE00}.Debug|x86.Build.0 = Debug|Any CPU
		{635F3756-0084-474B-88B4-2C84F9E7BE00}.Release|Any CPU.ActiveCfg = Release|Any CPU
		{635F3756-0084-474B-88B4-2C84F9E7BE00}.Release|Any CPU.Build.0 = Release|Any CPU
		{635F3756-0084-474B-88B4-2C84F9E7BE00}.Release|x64.ActiveCfg = Release|Any CPU
		{635F3756-0084-474B-88B4-2C84F9E7BE00}.Release|x64.Build.0 = Release|Any CPU
		{635F3756-0084-474B-88B4-2C84F9E7BE00}.Release|x86.ActiveCfg = Release|Any CPU
		{635F3756-0084-474B-88B4-2C84F9E7BE00}.Release|x86.Build.0 = Release|Any CPU
		{CCEC11AC-AB3E-4F07-87A3-5B2235034227}.Debug|Any CPU.ActiveCfg = Debug|Any CPU
		{CCEC11AC-AB3E-4F07-87A3-5B2235034227}.Debug|Any CPU.Build.0 = Debug|Any CPU
		{CCEC11AC-AB3E-4F07-87A3-5B2235034227}.Debug|x64.ActiveCfg = Debug|Any CPU
		{CCEC11AC-AB3E-4F07-87A3-5B2235034227}.Debug|x64.Build.0 = Debug|Any CPU
		{CCEC11AC-AB3E-4F07-87A3-5B2235034227}.Debug|x86.ActiveCfg = Debug|Any CPU
		{CCEC11AC-AB3E-4F07-87A3-5B2235034227}.Debug|x86.Build.0 = Debug|Any CPU
		{CCEC11AC-AB3E-4F07-87A3-5B2235034227}.Release|Any CPU.ActiveCfg = Release|Any CPU
		{CCEC11AC-AB3E-4F07-87A3-5B2235034227}.Release|Any CPU.Build.0 = Release|Any CPU
		{CCEC11AC-AB3E-4F07-87A3-5B2235034227}.Release|x64.ActiveCfg = Release|Any CPU
		{CCEC11AC-AB3E-4F07-87A3-5B2235034227}.Release|x64.Build.0 = Release|Any CPU
		{CCEC11AC-AB3E-4F07-87A3-5B2235034227}.Release|x86.ActiveCfg = Release|Any CPU
		{CCEC11AC-AB3E-4F07-87A3-5B2235034227}.Release|x86.Build.0 = Release|Any CPU
		{41EB41C5-5888-4A32-8CE0-A450CB7E71C3}.Debug|Any CPU.ActiveCfg = Debug|Any CPU
		{41EB41C5-5888-4A32-8CE0-A450CB7E71C3}.Debug|Any CPU.Build.0 = Debug|Any CPU
		{41EB41C5-5888-4A32-8CE0-A450CB7E71C3}.Debug|x64.ActiveCfg = Debug|Any CPU
		{41EB41C5-5888-4A32-8CE0-A450CB7E71C3}.Debug|x64.Build.0 = Debug|Any CPU
		{41EB41C5-5888-4A32-8CE0-A450CB7E71C3}.Debug|x86.ActiveCfg = Debug|Any CPU
		{41EB41C5-5888-4A32-8CE0-A450CB7E71C3}.Debug|x86.Build.0 = Debug|Any CPU
		{41EB41C5-5888-4A32-8CE0-A450CB7E71C3}.Release|Any CPU.ActiveCfg = Release|Any CPU
		{41EB41C5-5888-4A32-8CE0-A450CB7E71C3}.Release|Any CPU.Build.0 = Release|Any CPU
		{41EB41C5-5888-4A32-8CE0-A450CB7E71C3}.Release|x64.ActiveCfg = Release|Any CPU
		{41EB41C5-5888-4A32-8CE0-A450CB7E71C3}.Release|x64.Build.0 = Release|Any CPU
		{41EB41C5-5888-4A32-8CE0-A450CB7E71C3}.Release|x86.ActiveCfg = Release|Any CPU
		{41EB41C5-5888-4A32-8CE0-A450CB7E71C3}.Release|x86.Build.0 = Release|Any CPU
		{AD6CC692-4CA4-4900-AF00-BF407EF9CCB5}.Debug|Any CPU.ActiveCfg = Debug|Any CPU
		{AD6CC692-4CA4-4900-AF00-BF407EF9CCB5}.Debug|Any CPU.Build.0 = Debug|Any CPU
		{AD6CC692-4CA4-4900-AF00-BF407EF9CCB5}.Debug|x64.ActiveCfg = Debug|Any CPU
		{AD6CC692-4CA4-4900-AF00-BF407EF9CCB5}.Debug|x64.Build.0 = Debug|Any CPU
		{AD6CC692-4CA4-4900-AF00-BF407EF9CCB5}.Debug|x86.ActiveCfg = Debug|Any CPU
		{AD6CC692-4CA4-4900-AF00-BF407EF9CCB5}.Debug|x86.Build.0 = Debug|Any CPU
		{AD6CC692-4CA4-4900-AF00-BF407EF9CCB5}.Release|Any CPU.ActiveCfg = Release|Any CPU
		{AD6CC692-4CA4-4900-AF00-BF407EF9CCB5}.Release|Any CPU.Build.0 = Release|Any CPU
		{AD6CC692-4CA4-4900-AF00-BF407EF9CCB5}.Release|x64.ActiveCfg = Release|Any CPU
		{AD6CC692-4CA4-4900-AF00-BF407EF9CCB5}.Release|x64.Build.0 = Release|Any CPU
		{AD6CC692-4CA4-4900-AF00-BF407EF9CCB5}.Release|x86.ActiveCfg = Release|Any CPU
		{AD6CC692-4CA4-4900-AF00-BF407EF9CCB5}.Release|x86.Build.0 = Release|Any CPU
		{D7B55734-0EC1-4568-ABBA-4E57D8C6B9ED}.Debug|Any CPU.ActiveCfg = Debug|Any CPU
		{D7B55734-0EC1-4568-ABBA-4E57D8C6B9ED}.Debug|Any CPU.Build.0 = Debug|Any CPU
		{D7B55734-0EC1-4568-ABBA-4E57D8C6B9ED}.Debug|x64.ActiveCfg = Debug|Any CPU
		{D7B55734-0EC1-4568-ABBA-4E57D8C6B9ED}.Debug|x64.Build.0 = Debug|Any CPU
		{D7B55734-0EC1-4568-ABBA-4E57D8C6B9ED}.Debug|x86.ActiveCfg = Debug|Any CPU
		{D7B55734-0EC1-4568-ABBA-4E57D8C6B9ED}.Debug|x86.Build.0 = Debug|Any CPU
		{D7B55734-0EC1-4568-ABBA-4E57D8C6B9ED}.Release|Any CPU.ActiveCfg = Release|Any CPU
		{D7B55734-0EC1-4568-ABBA-4E57D8C6B9ED}.Release|Any CPU.Build.0 = Release|Any CPU
		{D7B55734-0EC1-4568-ABBA-4E57D8C6B9ED}.Release|x64.ActiveCfg = Release|Any CPU
		{D7B55734-0EC1-4568-ABBA-4E57D8C6B9ED}.Release|x64.Build.0 = Release|Any CPU
		{D7B55734-0EC1-4568-ABBA-4E57D8C6B9ED}.Release|x86.ActiveCfg = Release|Any CPU
		{D7B55734-0EC1-4568-ABBA-4E57D8C6B9ED}.Release|x86.Build.0 = Release|Any CPU
		{1796A98B-E979-4FB3-BF31-B53D0BCB56EE}.Debug|Any CPU.ActiveCfg = Debug|Any CPU
		{1796A98B-E979-4FB3-BF31-B53D0BCB56EE}.Debug|Any CPU.Build.0 = Debug|Any CPU
		{1796A98B-E979-4FB3-BF31-B53D0BCB56EE}.Debug|x64.ActiveCfg = Debug|Any CPU
		{1796A98B-E979-4FB3-BF31-B53D0BCB56EE}.Debug|x64.Build.0 = Debug|Any CPU
		{1796A98B-E979-4FB3-BF31-B53D0BCB56EE}.Debug|x86.ActiveCfg = Debug|Any CPU
		{1796A98B-E979-4FB3-BF31-B53D0BCB56EE}.Debug|x86.Build.0 = Debug|Any CPU
		{1796A98B-E979-4FB3-BF31-B53D0BCB56EE}.Release|Any CPU.ActiveCfg = Release|Any CPU
		{1796A98B-E979-4FB3-BF31-B53D0BCB56EE}.Release|Any CPU.Build.0 = Release|Any CPU
		{1796A98B-E979-4FB3-BF31-B53D0BCB56EE}.Release|x64.ActiveCfg = Release|Any CPU
		{1796A98B-E979-4FB3-BF31-B53D0BCB56EE}.Release|x64.Build.0 = Release|Any CPU
		{1796A98B-E979-4FB3-BF31-B53D0BCB56EE}.Release|x86.ActiveCfg = Release|Any CPU
		{1796A98B-E979-4FB3-BF31-B53D0BCB56EE}.Release|x86.Build.0 = Release|Any CPU
	EndGlobalSection
	GlobalSection(SolutionProperties) = preSolution
		HideSolutionNode = FALSE
	EndGlobalSection
	GlobalSection(NestedProjects) = preSolution
		{F54EFFA2-091B-4513-9654-D3ED9B50F557} = {B6A8DAC1-6B07-438E-83D5-AE3D2865DFBE}
		{E2CF3915-8CAF-466A-9171-9D724282D71B} = {B6A8DAC1-6B07-438E-83D5-AE3D2865DFBE}
		{2AA9F936-ED1C-46BB-82C3-25105FF1836D} = {B6A8DAC1-6B07-438E-83D5-AE3D2865DFBE}
		{5BB60285-1E8F-457A-B797-37F738F655D7} = {9F5F9D09-0C92-43FA-81D6-27729A8D75C0}
		{968D6E18-2AD9-4818-B257-10511049F40E} = {AF4DEA12-E059-48B7-968A-E586114EF6F3}
		{578D40A8-63C8-40AE-9EED-29ADEC0390AA} = {968D6E18-2AD9-4818-B257-10511049F40E}
		{D4D0C459-FC13-4816-BD26-71B3CB764453} = {968D6E18-2AD9-4818-B257-10511049F40E}
		{AD925E8B-5165-41C4-AA1B-340587EDAF37} = {968D6E18-2AD9-4818-B257-10511049F40E}
		{8B405C78-1A01-4A84-BED2-7D3F903BC84D} = {968D6E18-2AD9-4818-B257-10511049F40E}
		{504880AE-92C8-4078-A9CD-1C5EB30DAF47} = {AF4DEA12-E059-48B7-968A-E586114EF6F3}
		{36AD96BF-F600-42A1-AD25-1BAFFB2C548E} = {504880AE-92C8-4078-A9CD-1C5EB30DAF47}
		{C297CF59-2729-4E07-BFA5-CCC976BCDB7D} = {504880AE-92C8-4078-A9CD-1C5EB30DAF47}
		{1CA2A871-FFA9-4260-91EB-64796820A392} = {504880AE-92C8-4078-A9CD-1C5EB30DAF47}
		{3465DF79-DE12-42EE-97BC-D606D679706B} = {504880AE-92C8-4078-A9CD-1C5EB30DAF47}
		{3D8CB0F9-03F9-4C43-984D-7AC5F9E95464} = {AF4DEA12-E059-48B7-968A-E586114EF6F3}
		{FAF66022-48C6-445A-BDF3-A6F3C107B5E4} = {3D8CB0F9-03F9-4C43-984D-7AC5F9E95464}
		{FC68BA81-E85E-411B-81B8-F79377D6C4AB} = {3D8CB0F9-03F9-4C43-984D-7AC5F9E95464}
		{ADD1B871-55B3-411B-8BC4-6EAF9B698258} = {3D8CB0F9-03F9-4C43-984D-7AC5F9E95464}
		{CD7EA4AF-410E-415B-992C-1453641680F6} = {3D8CB0F9-03F9-4C43-984D-7AC5F9E95464}
		{9380D29E-980D-48C6-BB7A-7B07D2B6E2FD} = {AF4DEA12-E059-48B7-968A-E586114EF6F3}
		{B7F98D00-54DE-45E7-BF84-BE61A3CB2824} = {9380D29E-980D-48C6-BB7A-7B07D2B6E2FD}
		{06986997-4F68-464D-A5DC-024D8C364427} = {9380D29E-980D-48C6-BB7A-7B07D2B6E2FD}
		{BDD7ECDE-F881-427C-915D-EE3935BA99C4} = {9380D29E-980D-48C6-BB7A-7B07D2B6E2FD}
		{255A4EB6-F2A5-4B28-BD12-C5F16CE4B448} = {9380D29E-980D-48C6-BB7A-7B07D2B6E2FD}
		{0059CD2B-C6D3-4AC3-AD98-7639D780E8E5} = {AF4DEA12-E059-48B7-968A-E586114EF6F3}
		{F850E3E2-FC4C-447C-A76A-F2ABD17A6423} = {0059CD2B-C6D3-4AC3-AD98-7639D780E8E5}
		{543DCA57-6536-4C2A-943D-F1E6C2989B84} = {0059CD2B-C6D3-4AC3-AD98-7639D780E8E5}
		{D65EA6DE-54E8-4508-A322-01342AAD717B} = {0059CD2B-C6D3-4AC3-AD98-7639D780E8E5}
		{B364D6E6-FE4F-4509-A92F-5DBA6AB0B668} = {0059CD2B-C6D3-4AC3-AD98-7639D780E8E5}
		{694EA8AA-0955-40B4-9B1A-D68B57924D85} = {AF4DEA12-E059-48B7-968A-E586114EF6F3}
		{B583832D-F568-419C-A860-DF11D8EC7EE3} = {694EA8AA-0955-40B4-9B1A-D68B57924D85}
		{A7A4975F-C57C-49A0-B1C1-F56C41DFCB68} = {694EA8AA-0955-40B4-9B1A-D68B57924D85}
		{89645207-0220-4E27-A0C8-32DD2358F309} = {694EA8AA-0955-40B4-9B1A-D68B57924D85}
		{11CA4C99-2A05-4924-AC50-E5F707AC29EA} = {694EA8AA-0955-40B4-9B1A-D68B57924D85}
		{016BA36E-4975-403F-8371-304DE4363118} = {AF4DEA12-E059-48B7-968A-E586114EF6F3}
		{7AC499E5-B00B-4509-B94A-473D325D1B99} = {016BA36E-4975-403F-8371-304DE4363118}
		{8C959BE4-5738-4F65-A8F8-F1EBEABE61BB} = {016BA36E-4975-403F-8371-304DE4363118}
		{2A63AD1F-3A84-416D-9FE4-C42FA6C0CE8B} = {016BA36E-4975-403F-8371-304DE4363118}
		{CD8C79E3-C96C-4DC2-B3F3-D3810CE3A6E3} = {016BA36E-4975-403F-8371-304DE4363118}
		{6E3BE173-0543-47E0-9C1C-B8B56B5F0ADF} = {AF4DEA12-E059-48B7-968A-E586114EF6F3}
		{C02F439E-7F52-4801-A4AD-885D8F3EF0AF} = {6E3BE173-0543-47E0-9C1C-B8B56B5F0ADF}
		{00988469-FD1A-464B-ABF7-FFED804363A8} = {6E3BE173-0543-47E0-9C1C-B8B56B5F0ADF}
		{72320C68-0BCF-4482-97DD-4FD4EF4CCB1F} = {6E3BE173-0543-47E0-9C1C-B8B56B5F0ADF}
		{635F3756-0084-474B-88B4-2C84F9E7BE00} = {6E3BE173-0543-47E0-9C1C-B8B56B5F0ADF}
		{C8EACFDF-B153-4FAF-8586-1A97ABD3F50F} = {AF4DEA12-E059-48B7-968A-E586114EF6F3}
		{CCEC11AC-AB3E-4F07-87A3-5B2235034227} = {C8EACFDF-B153-4FAF-8586-1A97ABD3F50F}
		{41EB41C5-5888-4A32-8CE0-A450CB7E71C3} = {C8EACFDF-B153-4FAF-8586-1A97ABD3F50F}
		{AD6CC692-4CA4-4900-AF00-BF407EF9CCB5} = {C8EACFDF-B153-4FAF-8586-1A97ABD3F50F}
		{D7B55734-0EC1-4568-ABBA-4E57D8C6B9ED} = {C8EACFDF-B153-4FAF-8586-1A97ABD3F50F}
		{1796A98B-E979-4FB3-BF31-B53D0BCB56EE} = {0AB3BF05-4346-4AA6-1389-037BE0695223}
	EndGlobalSection
EndGlobal
